<?xml version="1.0" encoding="utf-8"?>
<Project ToolsVersion="4.0" xmlns="http://schemas.microsoft.com/developer/msbuild/2003">
  <ItemGroup>
    <ClCompile Include="vec2.cpp">
      <Filter>Math</Filter>
    </ClCompile>
    <ClCompile Include="main.cpp" />
    <ClCompile Include="RaycastEngine.cpp" />
    <ClCompile Include="Input.cpp">
      <Filter>Event</Filter>
    </ClCompile>
    <ClCompile Include="Event.cpp">
      <Filter>Event</Filter>
    </ClCompile>
    <ClCompile Include="MathUtils.cpp">
      <Filter>Math</Filter>
    </ClCompile>
    <ClCompile Include="Physics.cpp">
      <Filter>Math</Filter>
    </ClCompile>
    <ClCompile Include="Window.cpp">
      <Filter>Platform</Filter>
    </ClCompile>
    <ClCompile Include="Renderer.cpp">
      <Filter>Graphics</Filter>
    </ClCompile>
    <ClCompile Include="Raycaster.cpp">
      <Filter>Graphics</Filter>
    </ClCompile>
    <ClCompile Include="Texture.cpp">
      <Filter>Graphics</Filter>
    </ClCompile>
    <ClCompile Include="Object.cpp">
      <Filter>Objects</Filter>
    </ClCompile>
    <ClCompile Include="Enemy.cpp">
      <Filter>Objects</Filter>
    </ClCompile>
    <ClCompile Include="Sprite.cpp">
      <Filter>Graphics</Filter>
    </ClCompile>
    <ClCompile Include="Map.cpp" />
    <ClCompile Include="Font.cpp">
      <Filter>Graphics</Filter>
    </ClCompile>
    <ClCompile Include="Player.cpp">
      <Filter>Objects</Filter>
    </ClCompile>
    <ClCompile Include="Door.cpp">
      <Filter>Objects</Filter>
    </ClCompile>
    <ClCompile Include="UIElement.cpp">
      <Filter>UI</Filter>
    </ClCompile>
    <ClCompile Include="Label.cpp">
      <Filter>UI</Filter>
    </ClCompile>
    <ClCompile Include="Base.cpp">
      <Filter>Platform</Filter>
    </ClCompile>
    <ClCompile Include="Panel.cpp">
      <Filter>UI</Filter>
    </ClCompile>
    <ClCompile Include="Button.cpp">
      <Filter>UI</Filter>
    </ClCompile>
    <ClCompile Include="TextBox.cpp">
      <Filter>UI</Filter>
    </ClCompile>
    <ClCompile Include="pch.cpp" />
    <ClCompile Include="UIManager.cpp">
      <Filter>UI</Filter>
    </ClCompile>
    <ClCompile Include="stbi_image.cpp">
      <Filter>Thirdparty\stbi</Filter>
    </ClCompile>
    <ClCompile Include="imgui_sdl.cpp">
      <Filter>Thirdparty\imgui</Filter>
    </ClCompile>
    <ClCompile Include="imgui.cpp">
      <Filter>Thirdparty\imgui</Filter>
    </ClCompile>
    <ClCompile Include="imgui_draw.cpp">
      <Filter>Thirdparty\imgui</Filter>
    </ClCompile>
    <ClCompile Include="imgui_tables.cpp">
      <Filter>Thirdparty\imgui</Filter>
    </ClCompile>
    <ClCompile Include="imgui_widgets.cpp">
      <Filter>Thirdparty\imgui</Filter>
    </ClCompile>
    <ClCompile Include="imgui_impl_opengl3.cpp">
      <Filter>Thirdparty\imgui</Filter>
    </ClCompile>
    <ClCompile Include="imgui_impl_sdl.cpp">
      <Filter>Thirdparty\imgui</Filter>
    </ClCompile>
    <ClCompile Include="imgui_demo.cpp">
      <Filter>Thirdparty\imgui</Filter>
    </ClCompile>
    <ClCompile Include="UDPClient.cpp">
      <Filter>Networking\Client</Filter>
    </ClCompile>
    <ClCompile Include="SafeQueue.cpp">
      <Filter>Networking</Filter>
    </ClCompile>
    <ClCompile Include="UDPServer.cpp">
      <Filter>Networking\Server</Filter>
    </ClCompile>
    <ClCompile Include="ClientMessage.cpp">
      <Filter>Networking</Filter>
    </ClCompile>
    <ClCompile Include="Console.cpp" />
    <ClCompile Include="NetPlayer.cpp">
      <Filter>Objects</Filter>
    </ClCompile>
  </ItemGroup>
  <ItemGroup>
    <ClInclude Include="vec2.h">
      <Filter>Math</Filter>
    </ClInclude>
    <ClInclude Include="RaycastEngine.h" />
    <ClInclude Include="Input.h">
      <Filter>Event</Filter>
    </ClInclude>
    <ClInclude Include="Event.h">
      <Filter>Event</Filter>
    </ClInclude>
    <ClInclude Include="MathUtils.h">
      <Filter>Math</Filter>
    </ClInclude>
    <ClInclude Include="Physics.h">
      <Filter>Math</Filter>
    </ClInclude>
    <ClInclude Include="Window.h">
      <Filter>Platform</Filter>
    </ClInclude>
    <ClInclude Include="Raycaster.h">
      <Filter>Graphics</Filter>
    </ClInclude>
    <ClInclude Include="Renderer.h">
      <Filter>Graphics</Filter>
    </ClInclude>
    <ClInclude Include="Texture.h">
      <Filter>Graphics</Filter>
    </ClInclude>
    <ClInclude Include="Object.h">
      <Filter>Objects</Filter>
    </ClInclude>
    <ClInclude Include="Enemy.h">
      <Filter>Objects</Filter>
    </ClInclude>
    <ClInclude Include="Sprite.h">
      <Filter>Graphics</Filter>
    </ClInclude>
    <ClInclude Include="Map.h" />
    <ClInclude Include="Font.h">
      <Filter>Graphics</Filter>
    </ClInclude>
    <ClInclude Include="Player.h">
      <Filter>Objects</Filter>
    </ClInclude>
    <ClInclude Include="Door.h">
      <Filter>Objects</Filter>
    </ClInclude>
    <ClInclude Include="Base.h">
      <Filter>Platform</Filter>
    </ClInclude>
    <ClInclude Include="UIElement.h">
      <Filter>UI</Filter>
    </ClInclude>
    <ClInclude Include="Label.h">
      <Filter>UI</Filter>
    </ClInclude>
    <ClInclude Include="Button.h">
      <Filter>UI</Filter>
    </ClInclude>
    <ClInclude Include="Panel.h">
      <Filter>UI</Filter>
    </ClInclude>
    <ClInclude Include="TextBox.h">
      <Filter>UI</Filter>
    </ClInclude>
    <ClInclude Include="pch.h" />
    <ClInclude Include="UIManager.h">
      <Filter>UI</Filter>
    </ClInclude>
    <ClInclude Include="stbi_image.h">
      <Filter>Thirdparty\stbi</Filter>
    </ClInclude>
    <ClInclude Include="imgui_sdl.h">
      <Filter>Thirdparty\imgui</Filter>
    </ClInclude>
    <ClInclude Include="imgui.h">
      <Filter>Thirdparty\imgui</Filter>
    </ClInclude>
    <ClInclude Include="imconfig.h">
      <Filter>Thirdparty\imgui</Filter>
    </ClInclude>
    <ClInclude Include="imgui_internal.h">
      <Filter>Thirdparty\imgui</Filter>
    </ClInclude>
    <ClInclude Include="imstb_rectpack.h">
      <Filter>Thirdparty\imgui</Filter>
    </ClInclude>
    <ClInclude Include="imstb_textedit.h">
      <Filter>Thirdparty\imgui</Filter>
    </ClInclude>
    <ClInclude Include="imstb_truetype.h">
      <Filter>Thirdparty\imgui</Filter>
    </ClInclude>
    <ClInclude Include="imgui_impl_opengl3.h">
      <Filter>Thirdparty\imgui</Filter>
    </ClInclude>
    <ClInclude Include="imgui_impl_sdl.h">
      <Filter>Thirdparty\imgui</Filter>
    </ClInclude>
    <ClInclude Include="UDPClient.h">
      <Filter>Networking\Client</Filter>
    </ClInclude>
    <ClInclude Include="SafeQueue.h">
      <Filter>Networking</Filter>
    </ClInclude>
    <ClInclude Include="UDPServer.h">
      <Filter>Networking\Server</Filter>
    </ClInclude>
    <ClInclude Include="ClientMessage.h">
      <Filter>Networking</Filter>
    </ClInclude>
    <ClInclude Include="Console.h" />
    <ClInclude Include="NetPlayer.h">
      <Filter>Objects</Filter>
    </ClInclude>
  </ItemGroup>
  <ItemGroup>
    <Filter Include="Event">
      <UniqueIdentifier>{4a406c3a-ae45-49bd-8208-1465db5e4511}</UniqueIdentifier>
    </Filter>
    <Filter Include="Math">
      <UniqueIdentifier>{d1b0a68c-0657-4456-92b9-6286b8a59bb6}</UniqueIdentifier>
    </Filter>
    <Filter Include="Thirdparty">
      <UniqueIdentifier>{37f41208-8f34-43b5-a00c-04f61d0f70d2}</UniqueIdentifier>
    </Filter>
    <Filter Include="Platform">
      <UniqueIdentifier>{ac854cae-6268-4132-ab11-64c2de9f2f2a}</UniqueIdentifier>
    </Filter>
    <Filter Include="Graphics">
      <UniqueIdentifier>{123cc308-a248-45a5-9518-247d35a7af90}</UniqueIdentifier>
    </Filter>
    <Filter Include="Objects">
      <UniqueIdentifier>{daf4daaf-9546-4a27-8cc4-796b368bd94a}</UniqueIdentifier>
    </Filter>
    <Filter Include="UI">
      <UniqueIdentifier>{50761c00-fe91-4aa8-9965-cf9fe66c8063}</UniqueIdentifier>
    </Filter>
    <Filter Include="Thirdparty\stbi">
      <UniqueIdentifier>{b5227998-ec89-4cd5-956b-35f1afa55acd}</UniqueIdentifier>
    </Filter>
    <Filter Include="Thirdparty\imgui">
      <UniqueIdentifier>{1589d752-4a62-4dcf-977a-13c1a68c2d77}</UniqueIdentifier>
    </Filter>
    <Filter Include="Networking">
      <UniqueIdentifier>{376f3e0e-6d7c-4ecc-ace6-761ca812a0f3}</UniqueIdentifier>
    </Filter>
    <Filter Include="Networking\Client">
      <UniqueIdentifier>{d6f357c3-f4ed-4fa1-b850-9f5f43d0c1c4}</UniqueIdentifier>
    </Filter>
    <Filter Include="Networking\Server">
      <UniqueIdentifier>{b2ae396f-0ee0-4d88-94ad-bd03d396745f}</UniqueIdentifier>
    </Filter>
  </ItemGroup>
</Project>