<?xml version="1.0" encoding="utf-8"?>
<Project ToolsVersion="4.0" xmlns="http://schemas.microsoft.com/developer/msbuild/2003">
  <ItemGroup>
    <ClCompile Include="vec2.cpp">
      <Filter>Math</Filter>
    </ClCompile>
    <ClCompile Include="stbi_image.cpp">
      <Filter>Thirdparty</Filter>
    </ClCompile>
    <ClCompile Include="main.cpp" />
    <ClCompile Include="RaycastEngine.cpp" />
    <ClCompile Include="Input.cpp">
      <Filter>Event</Filter>
    </ClCompile>
    <ClCompile Include="Event.cpp">
      <Filter>Event</Filter>
    </ClCompile>
    <ClCompile Include="MathUtils.cpp">
      <Filter>Math</Filter>
    </ClCompile>
    <ClCompile Include="Physics.cpp">
      <Filter>Math</Filter>
    </ClCompile>
    <ClCompile Include="Window.cpp">
      <Filter>Platform</Filter>
    </ClCompile>
    <ClCompile Include="Renderer.cpp">
      <Filter>Graphics</Filter>
    </ClCompile>
    <ClCompile Include="Raycaster.cpp">
      <Filter>Graphics</Filter>
    </ClCompile>
    <ClCompile Include="Texture.cpp">
      <Filter>Graphics</Filter>
    </ClCompile>
    <ClCompile Include="Object.cpp">
      <Filter>Objects</Filter>
    </ClCompile>
    <ClCompile Include="Enemy.cpp">
      <Filter>Objects</Filter>
    </ClCompile>
    <ClCompile Include="Sprite.cpp">
      <Filter>Graphics</Filter>
    </ClCompile>
    <ClCompile Include="Map.cpp" />
    <ClCompile Include="Font.cpp">
      <Filter>Graphics</Filter>
    </ClCompile>
    <ClCompile Include="Player.cpp">
      <Filter>Objects</Filter>
    </ClCompile>
    <ClCompile Include="Door.cpp">
      <Filter>Objects</Filter>
    </ClCompile>
    <ClCompile Include="UIElement.cpp">
      <Filter>UI</Filter>
    </ClCompile>
    <ClCompile Include="Label.cpp">
      <Filter>UI</Filter>
    </ClCompile>
    <ClCompile Include="Base.cpp">
      <Filter>Platform</Filter>
    </ClCompile>
    <ClCompile Include="Panel.cpp">
      <Filter>UI</Filter>
    </ClCompile>
    <ClCompile Include="Button.cpp">
      <Filter>UI</Filter>
    </ClCompile>
    <ClCompile Include="TextBox.cpp">
      <Filter>UI</Filter>
    </ClCompile>
    <ClCompile Include="pch.cpp" />
    <ClCompile Include="UIManager.cpp">
      <Filter>UI</Filter>
    </ClCompile>
  </ItemGroup>
  <ItemGroup>
    <ClInclude Include="vec2.h">
      <Filter>Math</Filter>
    </ClInclude>
    <ClInclude Include="stbi_image.h">
      <Filter>Thirdparty</Filter>
    </ClInclude>
    <ClInclude Include="RaycastEngine.h" />
    <ClInclude Include="Input.h">
      <Filter>Event</Filter>
    </ClInclude>
    <ClInclude Include="Event.h">
      <Filter>Event</Filter>
    </ClInclude>
    <ClInclude Include="MathUtils.h">
      <Filter>Math</Filter>
    </ClInclude>
    <ClInclude Include="Physics.h">
      <Filter>Math</Filter>
    </ClInclude>
    <ClInclude Include="Window.h">
      <Filter>Platform</Filter>
    </ClInclude>
    <ClInclude Include="Raycaster.h">
      <Filter>Graphics</Filter>
    </ClInclude>
    <ClInclude Include="Renderer.h">
      <Filter>Graphics</Filter>
    </ClInclude>
    <ClInclude Include="Texture.h">
      <Filter>Graphics</Filter>
    </ClInclude>
    <ClInclude Include="Object.h">
      <Filter>Objects</Filter>
    </ClInclude>
    <ClInclude Include="Enemy.h">
      <Filter>Objects</Filter>
    </ClInclude>
    <ClInclude Include="Sprite.h">
      <Filter>Graphics</Filter>
    </ClInclude>
    <ClInclude Include="Map.h" />
    <ClInclude Include="Font.h">
      <Filter>Graphics</Filter>
    </ClInclude>
    <ClInclude Include="Player.h">
      <Filter>Objects</Filter>
    </ClInclude>
    <ClInclude Include="Door.h">
      <Filter>Objects</Filter>
    </ClInclude>
    <ClInclude Include="Base.h">
      <Filter>Platform</Filter>
    </ClInclude>
    <ClInclude Include="UIElement.h">
      <Filter>UI</Filter>
    </ClInclude>
    <ClInclude Include="Label.h">
      <Filter>UI</Filter>
    </ClInclude>
    <ClInclude Include="Button.h">
      <Filter>UI</Filter>
    </ClInclude>
    <ClInclude Include="Panel.h">
      <Filter>UI</Filter>
    </ClInclude>
    <ClInclude Include="TextBox.h">
      <Filter>UI</Filter>
    </ClInclude>
    <ClInclude Include="pch.h" />
    <ClInclude Include="UIManager.h">
      <Filter>UI</Filter>
    </ClInclude>
  </ItemGroup>
  <ItemGroup>
    <Filter Include="Event">
      <UniqueIdentifier>{4a406c3a-ae45-49bd-8208-1465db5e4511}</UniqueIdentifier>
    </Filter>
    <Filter Include="Math">
      <UniqueIdentifier>{d1b0a68c-0657-4456-92b9-6286b8a59bb6}</UniqueIdentifier>
    </Filter>
    <Filter Include="Thirdparty">
      <UniqueIdentifier>{37f41208-8f34-43b5-a00c-04f61d0f70d2}</UniqueIdentifier>
    </Filter>
    <Filter Include="Platform">
      <UniqueIdentifier>{ac854cae-6268-4132-ab11-64c2de9f2f2a}</UniqueIdentifier>
    </Filter>
    <Filter Include="Graphics">
      <UniqueIdentifier>{123cc308-a248-45a5-9518-247d35a7af90}</UniqueIdentifier>
    </Filter>
    <Filter Include="Objects">
      <UniqueIdentifier>{daf4daaf-9546-4a27-8cc4-796b368bd94a}</UniqueIdentifier>
    </Filter>
    <Filter Include="UI">
      <UniqueIdentifier>{50761c00-fe91-4aa8-9965-cf9fe66c8063}</UniqueIdentifier>
    </Filter>
  </ItemGroup>
</Project>