<?xml version="1.0" encoding="utf-8"?>
<Project ToolsVersion="4.0" xmlns="http://schemas.microsoft.com/developer/msbuild/2003">
  <ItemGroup>
    <ClInclude Include="UDPServer.h" />
    <ClInclude Include="SafeQueue.h" />
  </ItemGroup>
  <ItemGroup>
    <ClCompile Include="UDPServer.cpp" />
    <ClCompile Include="main.cpp" />
    <ClCompile Include="SafeQueue.cpp" />
  </ItemGroup>
</Project>